
Microsoft Visual Studio Solution File, Format Version 12.00
# Visual Studio Version 17
VisualStudioVersion = 17.0.31423.177
MinimumVisualStudioVersion = 10.0.40219.1
Project("{9A19103F-16F7-4668-BE54-9A1E7A4F7556}") = "laye", "laye\laye.csproj", "{C16AAAC7-C78C-4DC7-A07F-74C6DB684655}"
EndProject
Project("{FAE04EC0-301F-11D3-BF4B-00C04F79EFBC}") = "laye-data", "laye-data\laye-data.csproj", "{E10FF031-A655-4541-8EFA-D41C883C1305}"
EndProject
Project("{2150E333-8FDC-42A3-9474-1A3956D46DE8}") = "Entry Points", "Entry Points", "{E8168E61-9554-4354-ACD2-AFD7FF2A7ECB}"
EndProject
Project("{2150E333-8FDC-42A3-9474-1A3956D46DE8}") = "Compilation Data", "Compilation Data", "{D4AB370F-C8C0-4AE1-8FC3-5724F955EF0A}"
EndProject
Project("{2150E333-8FDC-42A3-9474-1A3956D46DE8}") = "Compilation", "Compilation", "{AD9BC10E-EA51-4224-88ED-C4F32C83822C}"
EndProject
Project("{2150E333-8FDC-42A3-9474-1A3956D46DE8}") = "Backends", "Backends", "{24E26247-BE03-43B5-BDF9-7BFA66A1C5A2}"
EndProject
Project("{FAE04EC0-301F-11D3-BF4B-00C04F79EFBC}") = "layec", "layec\layec.csproj", "{9548E545-3BEF-468B-A015-D621D4C36573}"
EndProject
Project("{FAE04EC0-301F-11D3-BF4B-00C04F79EFBC}") = "laye.msil", "laye.msil\laye.msil.csproj", "{C16BB5EC-6B9A-41CA-B16B-41BF0EBDB6BA}"
EndProject
Project("{FAE04EC0-301F-11D3-BF4B-00C04F79EFBC}") = "laye-compiler", "laye-compiler\laye-compiler.csproj", "{E2A2F850-2E06-45EB-BC35-0716FCC895AA}"
EndProject
Project("{FAE04EC0-301F-11D3-BF4B-00C04F79EFBC}") = "laye-compiler-data", "laye-compiler-data\laye-compiler-data.csproj", "{4412D390-AF53-43C9-9991-00160C3AE182}"
EndProject
Global
	GlobalSection(SolutionConfigurationPlatforms) = preSolution
		Debug|Any CPU = Debug|Any CPU
		Release|Any CPU = Release|Any CPU
	EndGlobalSection
	GlobalSection(ProjectConfigurationPlatforms) = postSolution
		{9F374528-82EF-45A9-944B-13B5A4687EED}.Debug|Any CPU.ActiveCfg = Debug|Any CPU
		{9F374528-82EF-45A9-944B-13B5A4687EED}.Debug|Any CPU.Build.0 = Debug|Any CPU
		{9F374528-82EF-45A9-944B-13B5A4687EED}.Release|Any CPU.ActiveCfg = Release|Any CPU
		{9F374528-82EF-45A9-944B-13B5A4687EED}.Release|Any CPU.Build.0 = Release|Any CPU
		{96A9B17C-58D5-4665-B283-7D97D7A007CF}.Debug|Any CPU.ActiveCfg = Debug|Any CPU
		{96A9B17C-58D5-4665-B283-7D97D7A007CF}.Debug|Any CPU.Build.0 = Debug|Any CPU
		{96A9B17C-58D5-4665-B283-7D97D7A007CF}.Release|Any CPU.ActiveCfg = Release|Any CPU
		{96A9B17C-58D5-4665-B283-7D97D7A007CF}.Release|Any CPU.Build.0 = Release|Any CPU
		{FAAA7805-588F-455D-8CBB-5216458A1B37}.Debug|Any CPU.ActiveCfg = Debug|Any CPU
		{FAAA7805-588F-455D-8CBB-5216458A1B37}.Debug|Any CPU.Build.0 = Debug|Any CPU
		{FAAA7805-588F-455D-8CBB-5216458A1B37}.Release|Any CPU.ActiveCfg = Release|Any CPU
		{FAAA7805-588F-455D-8CBB-5216458A1B37}.Release|Any CPU.Build.0 = Release|Any CPU
		{C16AAAC7-C78C-4DC7-A07F-74C6DB684655}.Debug|Any CPU.ActiveCfg = Debug|Any CPU
		{C16AAAC7-C78C-4DC7-A07F-74C6DB684655}.Debug|Any CPU.Build.0 = Debug|Any CPU
		{C16AAAC7-C78C-4DC7-A07F-74C6DB684655}.Release|Any CPU.ActiveCfg = Release|Any CPU
		{C16AAAC7-C78C-4DC7-A07F-74C6DB684655}.Release|Any CPU.Build.0 = Release|Any CPU
		{E10FF031-A655-4541-8EFA-D41C883C1305}.Debug|Any CPU.ActiveCfg = Debug|Any CPU
		{E10FF031-A655-4541-8EFA-D41C883C1305}.Debug|Any CPU.Build.0 = Debug|Any CPU
		{E10FF031-A655-4541-8EFA-D41C883C1305}.Release|Any CPU.ActiveCfg = Release|Any CPU
		{E10FF031-A655-4541-8EFA-D41C883C1305}.Release|Any CPU.Build.0 = Release|Any CPU
		{9548E545-3BEF-468B-A015-D621D4C36573}.Debug|Any CPU.ActiveCfg = Debug|Any CPU
		{9548E545-3BEF-468B-A015-D621D4C36573}.Debug|Any CPU.Build.0 = Debug|Any CPU
		{9548E545-3BEF-468B-A015-D621D4C36573}.Release|Any CPU.ActiveCfg = Release|Any CPU
		{9548E545-3BEF-468B-A015-D621D4C36573}.Release|Any CPU.Build.0 = Release|Any CPU
		{C16BB5EC-6B9A-41CA-B16B-41BF0EBDB6BA}.Debug|Any CPU.ActiveCfg = Debug|Any CPU
		{C16BB5EC-6B9A-41CA-B16B-41BF0EBDB6BA}.Debug|Any CPU.Build.0 = Debug|Any CPU
		{C16BB5EC-6B9A-41CA-B16B-41BF0EBDB6BA}.Release|Any CPU.ActiveCfg = Release|Any CPU
		{C16BB5EC-6B9A-41CA-B16B-41BF0EBDB6BA}.Release|Any CPU.Build.0 = Release|Any CPU
		{E2A2F850-2E06-45EB-BC35-0716FCC895AA}.Debug|Any CPU.ActiveCfg = Debug|Any CPU
		{E2A2F850-2E06-45EB-BC35-0716FCC895AA}.Debug|Any CPU.Build.0 = Debug|Any CPU
		{E2A2F850-2E06-45EB-BC35-0716FCC895AA}.Release|Any CPU.ActiveCfg = Release|Any CPU
		{E2A2F850-2E06-45EB-BC35-0716FCC895AA}.Release|Any CPU.Build.0 = Release|Any CPU
		{4412D390-AF53-43C9-9991-00160C3AE182}.Debug|Any CPU.ActiveCfg = Debug|Any CPU
		{4412D390-AF53-43C9-9991-00160C3AE182}.Debug|Any CPU.Build.0 = Debug|Any CPU
		{4412D390-AF53-43C9-9991-00160C3AE182}.Release|Any CPU.ActiveCfg = Release|Any CPU
		{4412D390-AF53-43C9-9991-00160C3AE182}.Release|Any CPU.Build.0 = Release|Any CPU
	EndGlobalSection
	GlobalSection(SolutionProperties) = preSolution
		HideSolutionNode = FALSE
	EndGlobalSection
	GlobalSection(NestedProjects) = preSolution
		{C16AAAC7-C78C-4DC7-A07F-74C6DB684655} = {E8168E61-9554-4354-ACD2-AFD7FF2A7ECB}
		{E10FF031-A655-4541-8EFA-D41C883C1305} = {D4AB370F-C8C0-4AE1-8FC3-5724F955EF0A}
		{9548E545-3BEF-468B-A015-D621D4C36573} = {E8168E61-9554-4354-ACD2-AFD7FF2A7ECB}
		{C16BB5EC-6B9A-41CA-B16B-41BF0EBDB6BA} = {24E26247-BE03-43B5-BDF9-7BFA66A1C5A2}
		{E2A2F850-2E06-45EB-BC35-0716FCC895AA} = {AD9BC10E-EA51-4224-88ED-C4F32C83822C}
		{4412D390-AF53-43C9-9991-00160C3AE182} = {AD9BC10E-EA51-4224-88ED-C4F32C83822C}
	EndGlobalSection
	GlobalSection(ExtensibilityGlobals) = postSolution
		SolutionGuid = {12194379-67D9-4EBA-91A8-54D176A79167}
	EndGlobalSection
EndGlobal
